
Microsoft Visual Studio Solution File, Format Version 12.00
# Visual Studio 15
VisualStudioVersion = 15.0.28307.106
MinimumVisualStudioVersion = 10.0.40219.1
Project("{FAE04EC0-301F-11D3-BF4B-00C04F79EFBC}") = "Forma_Pagamento", "Forma_Pagamento\Forma_Pagamento.csproj", "{73B03230-F431-4639-9013-5988101B1073}"
EndProject
Global
	GlobalSection(SolutionConfigurationPlatforms) = preSolution
		Debug|Any CPU = Debug|Any CPU
		Release|Any CPU = Release|Any CPU
	EndGlobalSection
	GlobalSection(ProjectConfigurationPlatforms) = postSolution
		{73B03230-F431-4639-9013-5988101B1073}.Debug|Any CPU.ActiveCfg = Debug|Any CPU
		{73B03230-F431-4639-9013-5988101B1073}.Debug|Any CPU.Build.0 = Debug|Any CPU
		{73B03230-F431-4639-9013-5988101B1073}.Release|Any CPU.ActiveCfg = Release|Any CPU
		{73B03230-F431-4639-9013-5988101B1073}.Release|Any CPU.Build.0 = Release|Any CPU
	EndGlobalSection
	GlobalSection(SolutionProperties) = preSolution
		HideSolutionNode = FALSE
	EndGlobalSection
	GlobalSection(ExtensibilityGlobals) = postSolution
		SolutionGuid = {2EE17264-D0E3-425E-BEEB-FA6FD7607DE4}
	EndGlobalSection
EndGlobal
